
Microsoft Visual Studio Solution File, Format Version 12.00
# Visual Studio Version 16
VisualStudioVersion = 16.0.30804.86
MinimumVisualStudioVersion = 10.0.40219.1
Project("{FAE04EC0-301F-11D3-BF4B-00C04F79EFBC}") = "Banco", "Banco.csproj", "{26340ED8-B797-4050-A063-7C52C9791A88}"
EndProject
Global
	GlobalSection(SolutionConfigurationPlatforms) = preSolution
		Debug|Any CPU = Debug|Any CPU
		Release|Any CPU = Release|Any CPU
	EndGlobalSection
	GlobalSection(ProjectConfigurationPlatforms) = postSolution
		{26340ED8-B797-4050-A063-7C52C9791A88}.Debug|Any CPU.ActiveCfg = Debug|Any CPU
		{26340ED8-B797-4050-A063-7C52C9791A88}.Debug|Any CPU.Build.0 = Debug|Any CPU
		{26340ED8-B797-4050-A063-7C52C9791A88}.Release|Any CPU.ActiveCfg = Release|Any CPU
		{26340ED8-B797-4050-A063-7C52C9791A88}.Release|Any CPU.Build.0 = Release|Any CPU
	EndGlobalSection
	GlobalSection(SolutionProperties) = preSolution
		HideSolutionNode = FALSE
	EndGlobalSection
	GlobalSection(ExtensibilityGlobals) = postSolution
		SolutionGuid = {F4CEFBC8-4671-4FC8-8489-7B08076BCA8C}
	EndGlobalSection
EndGlobal
