
Microsoft Visual Studio Solution File, Format Version 12.00
# Visual Studio Version 16
VisualStudioVersion = 16.0.30804.86
MinimumVisualStudioVersion = 10.0.40219.1
Project("{FAE04EC0-301F-11D3-BF4B-00C04F79EFBC}") = "TestesIniciais", "TestesIniciais.csproj", "{C7E50054-D1F5-4EB0-A41F-5108F8222509}"
EndProject
Global
	GlobalSection(SolutionConfigurationPlatforms) = preSolution
		Debug|Any CPU = Debug|Any CPU
		Release|Any CPU = Release|Any CPU
	EndGlobalSection
	GlobalSection(ProjectConfigurationPlatforms) = postSolution
		{C7E50054-D1F5-4EB0-A41F-5108F8222509}.Debug|Any CPU.ActiveCfg = Debug|Any CPU
		{C7E50054-D1F5-4EB0-A41F-5108F8222509}.Debug|Any CPU.Build.0 = Debug|Any CPU
		{C7E50054-D1F5-4EB0-A41F-5108F8222509}.Release|Any CPU.ActiveCfg = Release|Any CPU
		{C7E50054-D1F5-4EB0-A41F-5108F8222509}.Release|Any CPU.Build.0 = Release|Any CPU
	EndGlobalSection
	GlobalSection(SolutionProperties) = preSolution
		HideSolutionNode = FALSE
	EndGlobalSection
	GlobalSection(ExtensibilityGlobals) = postSolution
		SolutionGuid = {BEDA9FC4-1B62-489F-B72F-517471FC6978}
	EndGlobalSection
EndGlobal
